// !$*UTF8*$!
{
	archiveVersion = 1;
	classes = {
	};
	objectVersion = 46;
	objects = {

/* Begin PBXBuildFile section */
		B907BB541CCC821000568EE4 /* AppDelegate.swift in Sources */ = {isa = PBXBuildFile; fileRef = B907BB531CCC821000568EE4 /* AppDelegate.swift */; };
		B907BB5B1CCC821000568EE4 /* Assets.xcassets in Resources */ = {isa = PBXBuildFile; fileRef = B907BB5A1CCC821000568EE4 /* Assets.xcassets */; };
		B907BB6D1CCC932200568EE4 /* WBNavigationController.swift in Sources */ = {isa = PBXBuildFile; fileRef = B907BB6C1CCC932200568EE4 /* WBNavigationController.swift */; };
		B907BB6F1CCC940B00568EE4 /* WBTabBarController.swift in Sources */ = {isa = PBXBuildFile; fileRef = B907BB6E1CCC940B00568EE4 /* WBTabBarController.swift */; };
		B907BB711CCC942000568EE4 /* WBTabBar.swift in Sources */ = {isa = PBXBuildFile; fileRef = B907BB701CCC942000568EE4 /* WBTabBar.swift */; };
		B907BB751CCCC78E00568EE4 /* Utility.swift in Sources */ = {isa = PBXBuildFile; fileRef = B907BB741CCCC78E00568EE4 /* Utility.swift */; };
		B913A5E61CD348E70059A4A0 /* WBHomeTableViewCell.swift in Sources */ = {isa = PBXBuildFile; fileRef = B913A5E51CD348E70059A4A0 /* WBHomeTableViewCell.swift */; };
		B913A5E81CD349810059A4A0 /* WBStatusesModel.swift in Sources */ = {isa = PBXBuildFile; fileRef = B913A5E71CD349810059A4A0 /* WBStatusesModel.swift */; };
		B913A5EA1CD350190059A4A0 /* WBHomeModel.swift in Sources */ = {isa = PBXBuildFile; fileRef = B913A5E91CD350190059A4A0 /* WBHomeModel.swift */; };
		B91FD5701CCDF7E100C23684 /* WBProfileViewController.swift in Sources */ = {isa = PBXBuildFile; fileRef = B91FD56F1CCDF7E100C23684 /* WBProfileViewController.swift */; };
		B91FD5721CCDF84200C23684 /* WBHomeViewController.swift in Sources */ = {isa = PBXBuildFile; fileRef = B91FD5711CCDF84200C23684 /* WBHomeViewController.swift */; };
		B91FD5741CCDF86B00C23684 /* WBDiscoverViewController.swift in Sources */ = {isa = PBXBuildFile; fileRef = B91FD5731CCDF86B00C23684 /* WBDiscoverViewController.swift */; };
		B91FD5771CCDF8A500C23684 /* WBMessageViewController.swift in Sources */ = {isa = PBXBuildFile; fileRef = B91FD5761CCDF8A500C23684 /* WBMessageViewController.swift */; };
		B91FD57C1CCDF91300C23684 /* String+Category.swift in Sources */ = {isa = PBXBuildFile; fileRef = B91FD57B1CCDF91300C23684 /* String+Category.swift */; };
		B9430F8D1CD11B11003DE704 /* WBErrorModel.swift in Sources */ = {isa = PBXBuildFile; fileRef = B9430F8C1CD11B11003DE704 /* WBErrorModel.swift */; };
		B96748481CD05A5400561A23 /* WBProfileTableViewCell.swift in Sources */ = {isa = PBXBuildFile; fileRef = B96748471CD05A5400561A23 /* WBProfileTableViewCell.swift */; };
		B967484A1CD09F9C00561A23 /* WBUnreadCountModel.swift in Sources */ = {isa = PBXBuildFile; fileRef = B96748491CD09F9C00561A23 /* WBUnreadCountModel.swift */; };
		B99675511CDE0B2D00E3D14C /* UIButton+Category.swift in Sources */ = {isa = PBXBuildFile; fileRef = B99675501CDE0B2D00E3D14C /* UIButton+Category.swift */; };
		B9E87C361CDC8AE20042FC91 /* NSDate+Category.swift in Sources */ = {isa = PBXBuildFile; fileRef = B9E87C351CDC8AE20042FC91 /* NSDate+Category.swift */; };
		B9F079FC1CCDFB43007B1405 /* WBAuthorizeModel.swift in Sources */ = {isa = PBXBuildFile; fileRef = B9F079FA1CCDFB43007B1405 /* WBAuthorizeModel.swift */; };
		B9F079FD1CCDFB43007B1405 /* WBAuthorizeViewController.swift in Sources */ = {isa = PBXBuildFile; fileRef = B9F079FB1CCDFB43007B1405 /* WBAuthorizeViewController.swift */; };
		B9F079FF1CCE08A3007B1405 /* WBUserModel.swift in Sources */ = {isa = PBXBuildFile; fileRef = B9F079FE1CCE08A3007B1405 /* WBUserModel.swift */; };
		C368CAFF1DD41B80992C47FF /* Pods.framework in Frameworks */ = {isa = PBXBuildFile; fileRef = 76E754ED58CBEF5FEF889A26 /* Pods.framework */; };
/* End PBXBuildFile section */

/* Begin PBXFileReference section */
		76E754ED58CBEF5FEF889A26 /* Pods.framework */ = {isa = PBXFileReference; explicitFileType = wrapper.framework; includeInIndex = 0; path = Pods.framework; sourceTree = BUILT_PRODUCTS_DIR; };
		86DD1AFC3B113CC76EF6436F /* Pods.debug.xcconfig */ = {isa = PBXFileReference; includeInIndex = 1; lastKnownFileType = text.xcconfig; name = Pods.debug.xcconfig; path = "Pods/Target Support Files/Pods/Pods.debug.xcconfig"; sourceTree = "<group>"; };
		91E35629F48EBB9D520B7FC4 /* Pods.release.xcconfig */ = {isa = PBXFileReference; includeInIndex = 1; lastKnownFileType = text.xcconfig; name = Pods.release.xcconfig; path = "Pods/Target Support Files/Pods/Pods.release.xcconfig"; sourceTree = "<group>"; };
		B907BB501CCC821000568EE4 /* WeiBoSwift.app */ = {isa = PBXFileReference; explicitFileType = wrapper.application; includeInIndex = 0; path = WeiBoSwift.app; sourceTree = BUILT_PRODUCTS_DIR; };
		B907BB531CCC821000568EE4 /* AppDelegate.swift */ = {isa = PBXFileReference; lastKnownFileType = sourcecode.swift; path = AppDelegate.swift; sourceTree = "<group>"; };
		B907BB5A1CCC821000568EE4 /* Assets.xcassets */ = {isa = PBXFileReference; lastKnownFileType = folder.assetcatalog; path = Assets.xcassets; sourceTree = "<group>"; };
		B907BB5F1CCC821000568EE4 /* Info.plist */ = {isa = PBXFileReference; lastKnownFileType = text.plist.xml; path = Info.plist; sourceTree = "<group>"; };
		B907BB6C1CCC932200568EE4 /* WBNavigationController.swift */ = {isa = PBXFileReference; fileEncoding = 4; lastKnownFileType = sourcecode.swift; path = WBNavigationController.swift; sourceTree = "<group>"; };
		B907BB6E1CCC940B00568EE4 /* WBTabBarController.swift */ = {isa = PBXFileReference; fileEncoding = 4; lastKnownFileType = sourcecode.swift; path = WBTabBarController.swift; sourceTree = "<group>"; };
		B907BB701CCC942000568EE4 /* WBTabBar.swift */ = {isa = PBXFileReference; fileEncoding = 4; lastKnownFileType = sourcecode.swift; path = WBTabBar.swift; sourceTree = "<group>"; };
		B907BB741CCCC78E00568EE4 /* Utility.swift */ = {isa = PBXFileReference; fileEncoding = 4; lastKnownFileType = sourcecode.swift; path = Utility.swift; sourceTree = "<group>"; };
		B913A5E51CD348E70059A4A0 /* WBHomeTableViewCell.swift */ = {isa = PBXFileReference; fileEncoding = 4; lastKnownFileType = sourcecode.swift; path = WBHomeTableViewCell.swift; sourceTree = "<group>"; };
		B913A5E71CD349810059A4A0 /* WBStatusesModel.swift */ = {isa = PBXFileReference; fileEncoding = 4; lastKnownFileType = sourcecode.swift; path = WBStatusesModel.swift; sourceTree = "<group>"; };
		B913A5E91CD350190059A4A0 /* WBHomeModel.swift */ = {isa = PBXFileReference; fileEncoding = 4; lastKnownFileType = sourcecode.swift; path = WBHomeModel.swift; sourceTree = "<group>"; };
		B91FD56F1CCDF7E100C23684 /* WBProfileViewController.swift */ = {isa = PBXFileReference; fileEncoding = 4; lastKnownFileType = sourcecode.swift; path = WBProfileViewController.swift; sourceTree = "<group>"; };
		B91FD5711CCDF84200C23684 /* WBHomeViewController.swift */ = {isa = PBXFileReference; fileEncoding = 4; lastKnownFileType = sourcecode.swift; path = WBHomeViewController.swift; sourceTree = "<group>"; };
		B91FD5731CCDF86B00C23684 /* WBDiscoverViewController.swift */ = {isa = PBXFileReference; fileEncoding = 4; lastKnownFileType = sourcecode.swift; path = WBDiscoverViewController.swift; sourceTree = "<group>"; };
		B91FD5761CCDF8A500C23684 /* WBMessageViewController.swift */ = {isa = PBXFileReference; fileEncoding = 4; lastKnownFileType = sourcecode.swift; path = WBMessageViewController.swift; sourceTree = "<group>"; };
		B91FD57B1CCDF91300C23684 /* String+Category.swift */ = {isa = PBXFileReference; fileEncoding = 4; lastKnownFileType = sourcecode.swift; path = "String+Category.swift"; sourceTree = "<group>"; };
		B9430F8C1CD11B11003DE704 /* WBErrorModel.swift */ = {isa = PBXFileReference; fileEncoding = 4; lastKnownFileType = sourcecode.swift; path = WBErrorModel.swift; sourceTree = "<group>"; };
		B96748471CD05A5400561A23 /* WBProfileTableViewCell.swift */ = {isa = PBXFileReference; fileEncoding = 4; lastKnownFileType = sourcecode.swift; path = WBProfileTableViewCell.swift; sourceTree = "<group>"; };
		B96748491CD09F9C00561A23 /* WBUnreadCountModel.swift */ = {isa = PBXFileReference; fileEncoding = 4; lastKnownFileType = sourcecode.swift; path = WBUnreadCountModel.swift; sourceTree = "<group>"; };
		B99675501CDE0B2D00E3D14C /* UIButton+Category.swift */ = {isa = PBXFileReference; fileEncoding = 4; lastKnownFileType = sourcecode.swift; path = "UIButton+Category.swift"; sourceTree = "<group>"; };
		B9B55D6C1CCF6AE400C2F186 /* Alamofire.framework */ = {isa = PBXFileReference; lastKnownFileType = wrapper.framework; name = Alamofire.framework; path = "Pods/../build/Debug-iphoneos/Alamofire.framework"; sourceTree = "<group>"; };
		B9B55D741CCF70E200C2F186 /* SnapKit.framework */ = {isa = PBXFileReference; lastKnownFileType = wrapper.framework; name = SnapKit.framework; path = "Pods/../build/Debug-iphoneos/SnapKit.framework"; sourceTree = "<group>"; };
		B9BBD3551CDB77B200D23811 /* WeiBoSwift-Bridging-Header.h */ = {isa = PBXFileReference; fileEncoding = 4; lastKnownFileType = sourcecode.c.h; path = "WeiBoSwift-Bridging-Header.h"; sourceTree = "<group>"; };
		B9E87C351CDC8AE20042FC91 /* NSDate+Category.swift */ = {isa = PBXFileReference; fileEncoding = 4; lastKnownFileType = sourcecode.swift; path = "NSDate+Category.swift"; sourceTree = "<group>"; };
		B9F079FA1CCDFB43007B1405 /* WBAuthorizeModel.swift */ = {isa = PBXFileReference; fileEncoding = 4; lastKnownFileType = sourcecode.swift; path = WBAuthorizeModel.swift; sourceTree = "<group>"; };
		B9F079FB1CCDFB43007B1405 /* WBAuthorizeViewController.swift */ = {isa = PBXFileReference; fileEncoding = 4; lastKnownFileType = sourcecode.swift; path = WBAuthorizeViewController.swift; sourceTree = "<group>"; };
		B9F079FE1CCE08A3007B1405 /* WBUserModel.swift */ = {isa = PBXFileReference; fileEncoding = 4; lastKnownFileType = sourcecode.swift; path = WBUserModel.swift; sourceTree = "<group>"; };
/* End PBXFileReference section */

/* Begin PBXFrameworksBuildPhase section */
		B907BB4D1CCC821000568EE4 /* Frameworks */ = {
			isa = PBXFrameworksBuildPhase;
			buildActionMask = 2147483647;
			files = (
				C368CAFF1DD41B80992C47FF /* Pods.framework in Frameworks */,
			);
			runOnlyForDeploymentPostprocessing = 0;
		};
/* End PBXFrameworksBuildPhase section */

/* Begin PBXGroup section */
		2EEF9AB922D71DAB0F0CE961 /* Pods */ = {
			isa = PBXGroup;
			children = (
				86DD1AFC3B113CC76EF6436F /* Pods.debug.xcconfig */,
				91E35629F48EBB9D520B7FC4 /* Pods.release.xcconfig */,
			);
			name = Pods;
			sourceTree = "<group>";
		};
		44FF1CF4D8A24BD92373BE49 /* Frameworks */ = {
			isa = PBXGroup;
			children = (
				B9B55D741CCF70E200C2F186 /* SnapKit.framework */,
				B9B55D6C1CCF6AE400C2F186 /* Alamofire.framework */,
				76E754ED58CBEF5FEF889A26 /* Pods.framework */,
			);
			name = Frameworks;
			sourceTree = "<group>";
		};
		B907BB471CCC821000568EE4 = {
			isa = PBXGroup;
			children = (
				B907BB521CCC821000568EE4 /* WeiBoSwift */,
				B907BB511CCC821000568EE4 /* Products */,
				2EEF9AB922D71DAB0F0CE961 /* Pods */,
				44FF1CF4D8A24BD92373BE49 /* Frameworks */,
			);
			sourceTree = "<group>";
		};
		B907BB511CCC821000568EE4 /* Products */ = {
			isa = PBXGroup;
			children = (
				B907BB501CCC821000568EE4 /* WeiBoSwift.app */,
			);
			name = Products;
			sourceTree = "<group>";
		};
		B907BB521CCC821000568EE4 /* WeiBoSwift */ = {
			isa = PBXGroup;
			children = (
				B907BB651CCC926600568EE4 /* Classes */,
				B907BB531CCC821000568EE4 /* AppDelegate.swift */,
				B9BBD3551CDB77B200D23811 /* WeiBoSwift-Bridging-Header.h */,
				B907BB5A1CCC821000568EE4 /* Assets.xcassets */,
				B907BB5F1CCC821000568EE4 /* Info.plist */,
			);
			path = WeiBoSwift;
			sourceTree = "<group>";
		};
		B907BB651CCC926600568EE4 /* Classes */ = {
			isa = PBXGroup;
			children = (
				B9F079F91CCDFB43007B1405 /* Authorize */,
				B91FD5751CCDF89600C23684 /* 消息 */,
				B907BB671CCC926600568EE4 /* 发现 */,
				B907BB681CCC926600568EE4 /* 工具 */,
				B907BB691CCC926600568EE4 /* 我 */,
				B907BB6A1CCC926600568EE4 /* 首页 */,
			);
			path = Classes;
			sourceTree = "<group>";
		};
		B907BB671CCC926600568EE4 /* 发现 */ = {
			isa = PBXGroup;
			children = (
				B91FD5731CCDF86B00C23684 /* WBDiscoverViewController.swift */,
			);
			path = "发现";
			sourceTree = "<group>";
		};
		B907BB681CCC926600568EE4 /* 工具 */ = {
			isa = PBXGroup;
			children = (
				B907BB721CCCC70C00568EE4 /* 扩展 */,
				B907BB6B1CCC92E000568EE4 /* 基类 */,
				B907BB741CCCC78E00568EE4 /* Utility.swift */,
			);
			path = "工具";
			sourceTree = "<group>";
		};
		B907BB691CCC926600568EE4 /* 我 */ = {
			isa = PBXGroup;
			children = (
				B91FD56F1CCDF7E100C23684 /* WBProfileViewController.swift */,
				B96748471CD05A5400561A23 /* WBProfileTableViewCell.swift */,
				B9F079FE1CCE08A3007B1405 /* WBUserModel.swift */,
			);
			path = "我";
			sourceTree = "<group>";
		};
		B907BB6A1CCC926600568EE4 /* 首页 */ = {
			isa = PBXGroup;
			children = (
				B91FD5711CCDF84200C23684 /* WBHomeViewController.swift */,
				B913A5E51CD348E70059A4A0 /* WBHomeTableViewCell.swift */,
				B96748491CD09F9C00561A23 /* WBUnreadCountModel.swift */,
				B913A5E91CD350190059A4A0 /* WBHomeModel.swift */,
				B913A5E71CD349810059A4A0 /* WBStatusesModel.swift */,
			);
			path = "首页";
			sourceTree = "<group>";
		};
		B907BB6B1CCC92E000568EE4 /* 基类 */ = {
			isa = PBXGroup;
			children = (
				B907BB6C1CCC932200568EE4 /* WBNavigationController.swift */,
				B907BB6E1CCC940B00568EE4 /* WBTabBarController.swift */,
				B907BB701CCC942000568EE4 /* WBTabBar.swift */,
				B9430F8C1CD11B11003DE704 /* WBErrorModel.swift */,
			);
			path = "基类";
			sourceTree = "<group>";
		};
		B907BB721CCCC70C00568EE4 /* 扩展 */ = {
			isa = PBXGroup;
			children = (
				B91FD57B1CCDF91300C23684 /* String+Category.swift */,
				B9E87C351CDC8AE20042FC91 /* NSDate+Category.swift */,
				B99675501CDE0B2D00E3D14C /* UIButton+Category.swift */,
			);
			path = "扩展";
			sourceTree = "<group>";
		};
		B91FD5751CCDF89600C23684 /* 消息 */ = {
			isa = PBXGroup;
			children = (
				B91FD5761CCDF8A500C23684 /* WBMessageViewController.swift */,
			);
			path = "消息";
			sourceTree = "<group>";
		};
		B9F079F91CCDFB43007B1405 /* Authorize */ = {
			isa = PBXGroup;
			children = (
				B9F079FA1CCDFB43007B1405 /* WBAuthorizeModel.swift */,
				B9F079FB1CCDFB43007B1405 /* WBAuthorizeViewController.swift */,
			);
			path = Authorize;
			sourceTree = "<group>";
		};
/* End PBXGroup section */

/* Begin PBXNativeTarget section */
		B907BB4F1CCC821000568EE4 /* WeiBoSwift */ = {
			isa = PBXNativeTarget;
			buildConfigurationList = B907BB621CCC821000568EE4 /* Build configuration list for PBXNativeTarget "WeiBoSwift" */;
			buildPhases = (
				AA6895021B63A4B0E06A4D0B /* Check Pods Manifest.lock */,
				B907BB4C1CCC821000568EE4 /* Sources */,
				B907BB4D1CCC821000568EE4 /* Frameworks */,
				B907BB4E1CCC821000568EE4 /* Resources */,
				36B92F514CC873AC41FC714B /* Embed Pods Frameworks */,
				6162980180DF0604440E73D6 /* Copy Pods Resources */,
			);
			buildRules = (
			);
			dependencies = (
			);
			name = WeiBoSwift;
			productName = WeiBoSwift;
			productReference = B907BB501CCC821000568EE4 /* WeiBoSwift.app */;
			productType = "com.apple.product-type.application";
		};
/* End PBXNativeTarget section */

/* Begin PBXProject section */
		B907BB481CCC821000568EE4 /* Project object */ = {
			isa = PBXProject;
			attributes = {
				CLASSPREFIX = WB;
				LastSwiftUpdateCheck = 0730;
				LastUpgradeCheck = 0730;
				ORGANIZATIONNAME = hanwy;
				TargetAttributes = {
					B907BB4F1CCC821000568EE4 = {
						CreatedOnToolsVersion = 7.3;
					};
				};
			};
			buildConfigurationList = B907BB4B1CCC821000568EE4 /* Build configuration list for PBXProject "WeiBoSwift" */;
			compatibilityVersion = "Xcode 3.2";
			developmentRegion = English;
			hasScannedForEncodings = 0;
			knownRegions = (
				en,
				Base,
			);
			mainGroup = B907BB471CCC821000568EE4;
			productRefGroup = B907BB511CCC821000568EE4 /* Products */;
			projectDirPath = "";
			projectRoot = "";
			targets = (
				B907BB4F1CCC821000568EE4 /* WeiBoSwift */,
			);
		};
/* End PBXProject section */

/* Begin PBXResourcesBuildPhase section */
		B907BB4E1CCC821000568EE4 /* Resources */ = {
			isa = PBXResourcesBuildPhase;
			buildActionMask = 2147483647;
			files = (
				B907BB5B1CCC821000568EE4 /* Assets.xcassets in Resources */,
			);
			runOnlyForDeploymentPostprocessing = 0;
		};
/* End PBXResourcesBuildPhase section */

/* Begin PBXShellScriptBuildPhase section */
		36B92F514CC873AC41FC714B /* Embed Pods Frameworks */ = {
			isa = PBXShellScriptBuildPhase;
			buildActionMask = 2147483647;
			files = (
			);
			inputPaths = (
			);
			name = "Embed Pods Frameworks";
			outputPaths = (
			);
			runOnlyForDeploymentPostprocessing = 0;
			shellPath = /bin/sh;
			shellScript = "\"${SRCROOT}/Pods/Target Support Files/Pods/Pods-frameworks.sh\"\n";
			showEnvVarsInLog = 0;
		};
		6162980180DF0604440E73D6 /* Copy Pods Resources */ = {
			isa = PBXShellScriptBuildPhase;
			buildActionMask = 2147483647;
			files = (
			);
			inputPaths = (
			);
			name = "Copy Pods Resources";
			outputPaths = (
			);
			runOnlyForDeploymentPostprocessing = 0;
			shellPath = /bin/sh;
			shellScript = "\"${SRCROOT}/Pods/Target Support Files/Pods/Pods-resources.sh\"\n";
			showEnvVarsInLog = 0;
		};
		AA6895021B63A4B0E06A4D0B /* Check Pods Manifest.lock */ = {
			isa = PBXShellScriptBuildPhase;
			buildActionMask = 2147483647;
			files = (
			);
			inputPaths = (
			);
			name = "Check Pods Manifest.lock";
			outputPaths = (
			);
			runOnlyForDeploymentPostprocessing = 0;
			shellPath = /bin/sh;
			shellScript = "diff \"${PODS_ROOT}/../Podfile.lock\" \"${PODS_ROOT}/Manifest.lock\" > /dev/null\nif [[ $? != 0 ]] ; then\n    cat << EOM\nerror: The sandbox is not in sync with the Podfile.lock. Run 'pod install' or update your CocoaPods installation.\nEOM\n    exit 1\nfi\n";
			showEnvVarsInLog = 0;
		};
/* End PBXShellScriptBuildPhase section */

/* Begin PBXSourcesBuildPhase section */
		B907BB4C1CCC821000568EE4 /* Sources */ = {
			isa = PBXSourcesBuildPhase;
			buildActionMask = 2147483647;
			files = (
				B907BB711CCC942000568EE4 /* WBTabBar.swift in Sources */,
				B9430F8D1CD11B11003DE704 /* WBErrorModel.swift in Sources */,
				B91FD5771CCDF8A500C23684 /* WBMessageViewController.swift in Sources */,
				B9F079FF1CCE08A3007B1405 /* WBUserModel.swift in Sources */,
				B9F079FD1CCDFB43007B1405 /* WBAuthorizeViewController.swift in Sources */,
				B907BB6F1CCC940B00568EE4 /* WBTabBarController.swift in Sources */,
				B9F079FC1CCDFB43007B1405 /* WBAuthorizeModel.swift in Sources */,
				B99675511CDE0B2D00E3D14C /* UIButton+Category.swift in Sources */,
				B913A5E61CD348E70059A4A0 /* WBHomeTableViewCell.swift in Sources */,
				B91FD5721CCDF84200C23684 /* WBHomeViewController.swift in Sources */,
				B91FD57C1CCDF91300C23684 /* String+Category.swift in Sources */,
				B91FD5701CCDF7E100C23684 /* WBProfileViewController.swift in Sources */,
				B907BB751CCCC78E00568EE4 /* Utility.swift in Sources */,
				B9E87C361CDC8AE20042FC91 /* NSDate+Category.swift in Sources */,
				B913A5E81CD349810059A4A0 /* WBStatusesModel.swift in Sources */,
				B96748481CD05A5400561A23 /* WBProfileTableViewCell.swift in Sources */,
				B907BB541CCC821000568EE4 /* AppDelegate.swift in Sources */,
				B913A5EA1CD350190059A4A0 /* WBHomeModel.swift in Sources */,
				B91FD5741CCDF86B00C23684 /* WBDiscoverViewController.swift in Sources */,
				B907BB6D1CCC932200568EE4 /* WBNavigationController.swift in Sources */,
				B967484A1CD09F9C00561A23 /* WBUnreadCountModel.swift in Sources */,
			);
			runOnlyForDeploymentPostprocessing = 0;
		};
/* End PBXSourcesBuildPhase section */

/* Begin XCBuildConfiguration section */
		B907BB601CCC821000568EE4 /* Debug */ = {
			isa = XCBuildConfiguration;
			buildSettings = {
				ALWAYS_SEARCH_USER_PATHS = NO;
				CLANG_ANALYZER_NONNULL = YES;
				CLANG_CXX_LANGUAGE_STANDARD = "gnu++0x";
				CLANG_CXX_LIBRARY = "libc++";
				CLANG_ENABLE_MODULES = YES;
				CLANG_ENABLE_OBJC_ARC = YES;
				CLANG_WARN_BOOL_CONVERSION = YES;
				CLANG_WARN_CONSTANT_CONVERSION = YES;
				CLANG_WARN_DIRECT_OBJC_ISA_USAGE = YES_ERROR;
				CLANG_WARN_EMPTY_BODY = YES;
				CLANG_WARN_ENUM_CONVERSION = YES;
				CLANG_WARN_INT_CONVERSION = YES;
				CLANG_WARN_OBJC_ROOT_CLASS = YES_ERROR;
				CLANG_WARN_UNREACHABLE_CODE = YES;
				CLANG_WARN__DUPLICATE_METHOD_MATCH = YES;
				"CODE_SIGN_IDENTITY[sdk=iphoneos*]" = "iPhone Developer";
				COPY_PHASE_STRIP = NO;
				DEBUG_INFORMATION_FORMAT = dwarf;
				ENABLE_STRICT_OBJC_MSGSEND = YES;
				ENABLE_TESTABILITY = YES;
				GCC_C_LANGUAGE_STANDARD = gnu99;
				GCC_DYNAMIC_NO_PIC = NO;
				GCC_NO_COMMON_BLOCKS = YES;
				GCC_OPTIMIZATION_LEVEL = 0;
				GCC_PREPROCESSOR_DEFINITIONS = (
					"DEBUG=1",
					"$(inherited)",
				);
				GCC_WARN_64_TO_32_BIT_CONVERSION = YES;
				GCC_WARN_ABOUT_RETURN_TYPE = YES_ERROR;
				GCC_WARN_UNDECLARED_SELECTOR = YES;
				GCC_WARN_UNINITIALIZED_AUTOS = YES_AGGRESSIVE;
				GCC_WARN_UNUSED_FUNCTION = YES;
				GCC_WARN_UNUSED_VARIABLE = YES;
				IPHONEOS_DEPLOYMENT_TARGET = 8.0;
				MTL_ENABLE_DEBUG_INFO = YES;
				ONLY_ACTIVE_ARCH = YES;
				SDKROOT = iphoneos;
				SWIFT_OPTIMIZATION_LEVEL = "-Onone";
			};
			name = Debug;
		};
		B907BB611CCC821000568EE4 /* Release */ = {
			isa = XCBuildConfiguration;
			buildSettings = {
				ALWAYS_SEARCH_USER_PATHS = NO;
				CLANG_ANALYZER_NONNULL = YES;
				CLANG_CXX_LANGUAGE_STANDARD = "gnu++0x";
				CLANG_CXX_LIBRARY = "libc++";
				CLANG_ENABLE_MODULES = YES;
				CLANG_ENABLE_OBJC_ARC = YES;
				CLANG_WARN_BOOL_CONVERSION = YES;
				CLANG_WARN_CONSTANT_CONVERSION = YES;
				CLANG_WARN_DIRECT_OBJC_ISA_USAGE = YES_ERROR;
				CLANG_WARN_EMPTY_BODY = YES;
				CLANG_WARN_ENUM_CONVERSION = YES;
				CLANG_WARN_INT_CONVERSION = YES;
				CLANG_WARN_OBJC_ROOT_CLASS = YES_ERROR;
				CLANG_WARN_UNREACHABLE_CODE = YES;
				CLANG_WARN__DUPLICATE_METHOD_MATCH = YES;
				"CODE_SIGN_IDENTITY[sdk=iphoneos*]" = "iPhone Developer";
				COPY_PHASE_STRIP = NO;
				DEBUG_INFORMATION_FORMAT = "dwarf-with-dsym";
				ENABLE_NS_ASSERTIONS = NO;
				ENABLE_STRICT_OBJC_MSGSEND = YES;
				GCC_C_LANGUAGE_STANDARD = gnu99;
				GCC_NO_COMMON_BLOCKS = YES;
				GCC_WARN_64_TO_32_BIT_CONVERSION = YES;
				GCC_WARN_ABOUT_RETURN_TYPE = YES_ERROR;
				GCC_WARN_UNDECLARED_SELECTOR = YES;
				GCC_WARN_UNINITIALIZED_AUTOS = YES_AGGRESSIVE;
				GCC_WARN_UNUSED_FUNCTION = YES;
				GCC_WARN_UNUSED_VARIABLE = YES;
				IPHONEOS_DEPLOYMENT_TARGET = 8.0;
				MTL_ENABLE_DEBUG_INFO = NO;
				SDKROOT = iphoneos;
				VALIDATE_PRODUCT = YES;
			};
			name = Release;
		};
		B907BB631CCC821000568EE4 /* Debug */ = {
			isa = XCBuildConfiguration;
			baseConfigurationReference = 86DD1AFC3B113CC76EF6436F /* Pods.debug.xcconfig */;
			buildSettings = {
				ASSETCATALOG_COMPILER_APPICON_NAME = AppIcon;
				ASSETCATALOG_COMPILER_LAUNCHIMAGE_NAME = LaunchImage;
				CLANG_ENABLE_MODULES = YES;
				FRAMEWORK_SEARCH_PATHS = "$(inherited)";
				INFOPLIST_FILE = WeiBoSwift/Info.plist;
				IPHONEOS_DEPLOYMENT_TARGET = 8.0;
				LD_RUNPATH_SEARCH_PATHS = "$(inherited) @executable_path/Frameworks";
				PRODUCT_BUNDLE_IDENTIFIER = HWY.WeiBoSwift;
				PRODUCT_NAME = "$(TARGET_NAME)";
				SWIFT_OBJC_BRIDGING_HEADER = "WeiBoSwift/WeiBoSwift-Bridging-Header.h";
				SWIFT_OPTIMIZATION_LEVEL = "-Onone";
			};
			name = Debug;
		};
		B907BB641CCC821000568EE4 /* Release */ = {
			isa = XCBuildConfiguration;
			baseConfigurationReference = 91E35629F48EBB9D520B7FC4 /* Pods.release.xcconfig */;
			buildSettings = {
				ASSETCATALOG_COMPILER_APPICON_NAME = AppIcon;
				ASSETCATALOG_COMPILER_LAUNCHIMAGE_NAME = LaunchImage;
				CLANG_ENABLE_MODULES = YES;
				FRAMEWORK_SEARCH_PATHS = "$(inherited)";
				INFOPLIST_FILE = WeiBoSwift/Info.plist;
				IPHONEOS_DEPLOYMENT_TARGET = 8.0;
				LD_RUNPATH_SEARCH_PATHS = "$(inherited) @executable_path/Frameworks";
				PRODUCT_BUNDLE_IDENTIFIER = HWY.WeiBoSwift;
				PRODUCT_NAME = "$(TARGET_NAME)";
				SWIFT_OBJC_BRIDGING_HEADER = "WeiBoSwift/WeiBoSwift-Bridging-Header.h";
			};
			name = Release;
		};
/* End XCBuildConfiguration section */

/* Begin XCConfigurationList section */
		B907BB4B1CCC821000568EE4 /* Build configuration list for PBXProject "WeiBoSwift" */ = {
			isa = XCConfigurationList;
			buildConfigurations = (
				B907BB601CCC821000568EE4 /* Debug */,
				B907BB611CCC821000568EE4 /* Release */,
			);
			defaultConfigurationIsVisible = 0;
			defaultConfigurationName = Release;
		};
		B907BB621CCC821000568EE4 /* Build configuration list for PBXNativeTarget "WeiBoSwift" */ = {
			isa = XCConfigurationList;
			buildConfigurations = (
				B907BB631CCC821000568EE4 /* Debug */,
				B907BB641CCC821000568EE4 /* Release */,
			);
			defaultConfigurationIsVisible = 0;
			defaultConfigurationName = Release;
		};
/* End XCConfigurationList section */
	};
	rootObject = B907BB481CCC821000568EE4 /* Project object */;
}
